// !$*UTF8*$!
{
	archiveVersion = 1;
	classes = {
	};
	objectVersion = 46;
	objects = {

/* Begin PBXBuildFile section */
		F903C71E1C76F8F500B4F866 /* TreeNode.m in Sources */ = {isa = PBXBuildFile; fileRef = F903C7141C76F8F500B4F866 /* TreeNode.m */; };
		F903C71F1C76F8F500B4F866 /* UINotification.m in Sources */ = {isa = PBXBuildFile; fileRef = F903C7171C76F8F500B4F866 /* UINotification.m */; };
		F903C7201C76F8F500B4F866 /* UINotificationCenter.m in Sources */ = {isa = PBXBuildFile; fileRef = F903C71A1C76F8F500B4F866 /* UINotificationCenter.m */; };
		F903C7211C76F8F500B4F866 /* UINotificationObserver.m in Sources */ = {isa = PBXBuildFile; fileRef = F903C71D1C76F8F500B4F866 /* UINotificationObserver.m */; };
		F9A08A7E1C75D20600BABD21 /* main.m in Sources */ = {isa = PBXBuildFile; fileRef = F9A08A7D1C75D20600BABD21 /* main.m */; };
		F9A08A811C75D20600BABD21 /* AppDelegate.m in Sources */ = {isa = PBXBuildFile; fileRef = F9A08A801C75D20600BABD21 /* AppDelegate.m */; };
		F9A08A841C75D20600BABD21 /* ViewController.m in Sources */ = {isa = PBXBuildFile; fileRef = F9A08A831C75D20600BABD21 /* ViewController.m */; };
		F9A08A871C75D20600BABD21 /* Main.storyboard in Resources */ = {isa = PBXBuildFile; fileRef = F9A08A851C75D20600BABD21 /* Main.storyboard */; };
		F9A08A891C75D20600BABD21 /* Assets.xcassets in Resources */ = {isa = PBXBuildFile; fileRef = F9A08A881C75D20600BABD21 /* Assets.xcassets */; };
		F9A08A8C1C75D20600BABD21 /* LaunchScreen.storyboard in Resources */ = {isa = PBXBuildFile; fileRef = F9A08A8A1C75D20600BABD21 /* LaunchScreen.storyboard */; };
		F9A08A971C75D20600BABD21 /* TalentFrameworkTestTests.m in Sources */ = {isa = PBXBuildFile; fileRef = F9A08A961C75D20600BABD21 /* TalentFrameworkTestTests.m */; };
		F9A08AA21C75D20600BABD21 /* TalentFrameworkTestUITests.m in Sources */ = {isa = PBXBuildFile; fileRef = F9A08AA11C75D20600BABD21 /* TalentFrameworkTestUITests.m */; };
/* End PBXBuildFile section */

/* Begin PBXContainerItemProxy section */
		F9A08A931C75D20600BABD21 /* PBXContainerItemProxy */ = {
			isa = PBXContainerItemProxy;
			containerPortal = F9A08A711C75D20600BABD21 /* Project object */;
			proxyType = 1;
			remoteGlobalIDString = F9A08A781C75D20600BABD21;
			remoteInfo = TalentFrameworkTest;
		};
		F9A08A9E1C75D20600BABD21 /* PBXContainerItemProxy */ = {
			isa = PBXContainerItemProxy;
			containerPortal = F9A08A711C75D20600BABD21 /* Project object */;
			proxyType = 1;
			remoteGlobalIDString = F9A08A781C75D20600BABD21;
			remoteInfo = TalentFrameworkTest;
		};
/* End PBXContainerItemProxy section */

/* Begin PBXFileReference section */
		F903C7131C76F8F500B4F866 /* TreeNode.h */ = {isa = PBXFileReference; fileEncoding = 4; lastKnownFileType = sourcecode.c.h; path = TreeNode.h; sourceTree = "<group>"; };
		F903C7141C76F8F500B4F866 /* TreeNode.m */ = {isa = PBXFileReference; fileEncoding = 4; lastKnownFileType = sourcecode.c.objc; path = TreeNode.m; sourceTree = "<group>"; };
		F903C7161C76F8F500B4F866 /* UINotification.h */ = {isa = PBXFileReference; fileEncoding = 4; lastKnownFileType = sourcecode.c.h; path = UINotification.h; sourceTree = "<group>"; };
		F903C7171C76F8F500B4F866 /* UINotification.m */ = {isa = PBXFileReference; fileEncoding = 4; lastKnownFileType = sourcecode.c.objc; path = UINotification.m; sourceTree = "<group>"; };
		F903C7191C76F8F500B4F866 /* UINotificationCenter.h */ = {isa = PBXFileReference; fileEncoding = 4; lastKnownFileType = sourcecode.c.h; path = UINotificationCenter.h; sourceTree = "<group>"; };
		F903C71A1C76F8F500B4F866 /* UINotificationCenter.m */ = {isa = PBXFileReference; fileEncoding = 4; lastKnownFileType = sourcecode.c.objc; path = UINotificationCenter.m; sourceTree = "<group>"; };
		F903C71C1C76F8F500B4F866 /* UINotificationObserver.h */ = {isa = PBXFileReference; fileEncoding = 4; lastKnownFileType = sourcecode.c.h; path = UINotificationObserver.h; sourceTree = "<group>"; };
		F903C71D1C76F8F500B4F866 /* UINotificationObserver.m */ = {isa = PBXFileReference; fileEncoding = 4; lastKnownFileType = sourcecode.c.objc; path = UINotificationObserver.m; sourceTree = "<group>"; };
		F9A08A791C75D20600BABD21 /* TalentFrameworkTest.app */ = {isa = PBXFileReference; explicitFileType = wrapper.application; includeInIndex = 0; path = TalentFrameworkTest.app; sourceTree = BUILT_PRODUCTS_DIR; };
		F9A08A7D1C75D20600BABD21 /* main.m */ = {isa = PBXFileReference; lastKnownFileType = sourcecode.c.objc; path = main.m; sourceTree = "<group>"; };
		F9A08A7F1C75D20600BABD21 /* AppDelegate.h */ = {isa = PBXFileReference; lastKnownFileType = sourcecode.c.h; path = AppDelegate.h; sourceTree = "<group>"; };
		F9A08A801C75D20600BABD21 /* AppDelegate.m */ = {isa = PBXFileReference; lastKnownFileType = sourcecode.c.objc; path = AppDelegate.m; sourceTree = "<group>"; };
		F9A08A821C75D20600BABD21 /* ViewController.h */ = {isa = PBXFileReference; lastKnownFileType = sourcecode.c.h; path = ViewController.h; sourceTree = "<group>"; };
		F9A08A831C75D20600BABD21 /* ViewController.m */ = {isa = PBXFileReference; lastKnownFileType = sourcecode.c.objc; path = ViewController.m; sourceTree = "<group>"; };
		F9A08A861C75D20600BABD21 /* Base */ = {isa = PBXFileReference; lastKnownFileType = file.storyboard; name = Base; path = Base.lproj/Main.storyboard; sourceTree = "<group>"; };
		F9A08A881C75D20600BABD21 /* Assets.xcassets */ = {isa = PBXFileReference; lastKnownFileType = folder.assetcatalog; path = Assets.xcassets; sourceTree = "<group>"; };
		F9A08A8B1C75D20600BABD21 /* Base */ = {isa = PBXFileReference; lastKnownFileType = file.storyboard; name = Base; path = Base.lproj/LaunchScreen.storyboard; sourceTree = "<group>"; };
		F9A08A8D1C75D20600BABD21 /* Info.plist */ = {isa = PBXFileReference; lastKnownFileType = text.plist.xml; path = Info.plist; sourceTree = "<group>"; };
		F9A08A921C75D20600BABD21 /* TalentFrameworkTestTests.xctest */ = {isa = PBXFileReference; explicitFileType = wrapper.cfbundle; includeInIndex = 0; path = TalentFrameworkTestTests.xctest; sourceTree = BUILT_PRODUCTS_DIR; };
		F9A08A961C75D20600BABD21 /* TalentFrameworkTestTests.m */ = {isa = PBXFileReference; lastKnownFileType = sourcecode.c.objc; path = TalentFrameworkTestTests.m; sourceTree = "<group>"; };
		F9A08A981C75D20600BABD21 /* Info.plist */ = {isa = PBXFileReference; lastKnownFileType = text.plist.xml; path = Info.plist; sourceTree = "<group>"; };
		F9A08A9D1C75D20600BABD21 /* TalentFrameworkTestUITests.xctest */ = {isa = PBXFileReference; explicitFileType = wrapper.cfbundle; includeInIndex = 0; path = TalentFrameworkTestUITests.xctest; sourceTree = BUILT_PRODUCTS_DIR; };
		F9A08AA11C75D20600BABD21 /* TalentFrameworkTestUITests.m */ = {isa = PBXFileReference; lastKnownFileType = sourcecode.c.objc; path = TalentFrameworkTestUITests.m; sourceTree = "<group>"; };
		F9A08AA31C75D20600BABD21 /* Info.plist */ = {isa = PBXFileReference; lastKnownFileType = text.plist.xml; path = Info.plist; sourceTree = "<group>"; };
/* End PBXFileReference section */

/* Begin PBXFrameworksBuildPhase section */
		F9A08A761C75D20600BABD21 /* Frameworks */ = {
			isa = PBXFrameworksBuildPhase;
			buildActionMask = 2147483647;
			files = (
			);
			runOnlyForDeploymentPostprocessing = 0;
		};
		F9A08A8F1C75D20600BABD21 /* Frameworks */ = {
			isa = PBXFrameworksBuildPhase;
			buildActionMask = 2147483647;
			files = (
			);
			runOnlyForDeploymentPostprocessing = 0;
		};
		F9A08A9A1C75D20600BABD21 /* Frameworks */ = {
			isa = PBXFrameworksBuildPhase;
			buildActionMask = 2147483647;
			files = (
			);
			runOnlyForDeploymentPostprocessing = 0;
		};
/* End PBXFrameworksBuildPhase section */

/* Begin PBXGroup section */
		F903C7121C76F8F500B4F866 /* TreeNode */ = {
			isa = PBXGroup;
			children = (
				F903C7131C76F8F500B4F866 /* TreeNode.h */,
				F903C7141C76F8F500B4F866 /* TreeNode.m */,
			);
			path = TreeNode;
			sourceTree = "<group>";
		};
		F903C7151C76F8F500B4F866 /* UINotification */ = {
			isa = PBXGroup;
			children = (
				F903C7161C76F8F500B4F866 /* UINotification.h */,
				F903C7171C76F8F500B4F866 /* UINotification.m */,
			);
			path = UINotification;
			sourceTree = "<group>";
		};
		F903C7181C76F8F500B4F866 /* UINotificationCenter */ = {
			isa = PBXGroup;
			children = (
				F903C7191C76F8F500B4F866 /* UINotificationCenter.h */,
				F903C71A1C76F8F500B4F866 /* UINotificationCenter.m */,
			);
			path = UINotificationCenter;
			sourceTree = "<group>";
		};
		F903C71B1C76F8F500B4F866 /* UINotificationObserver */ = {
			isa = PBXGroup;
			children = (
				F903C71C1C76F8F500B4F866 /* UINotificationObserver.h */,
				F903C71D1C76F8F500B4F866 /* UINotificationObserver.m */,
			);
			path = UINotificationObserver;
			sourceTree = "<group>";
		};
		F9A08A701C75D20500BABD21 = {
			isa = PBXGroup;
			children = (
				F9A08A7B1C75D20600BABD21 /* TalentFrameworkTest */,
				F9A08A951C75D20600BABD21 /* TalentFrameworkTestTests */,
				F9A08AA01C75D20600BABD21 /* TalentFrameworkTestUITests */,
				F9A08A7A1C75D20600BABD21 /* Products */,
			);
			sourceTree = "<group>";
		};
		F9A08A7A1C75D20600BABD21 /* Products */ = {
			isa = PBXGroup;
			children = (
				F9A08A791C75D20600BABD21 /* TalentFrameworkTest.app */,
				F9A08A921C75D20600BABD21 /* TalentFrameworkTestTests.xctest */,
				F9A08A9D1C75D20600BABD21 /* TalentFrameworkTestUITests.xctest */,
			);
			name = Products;
			sourceTree = "<group>";
		};
		F9A08A7B1C75D20600BABD21 /* TalentFrameworkTest */ = {
			isa = PBXGroup;
			children = (
				F903C7121C76F8F500B4F866 /* TreeNode */,
				F903C7151C76F8F500B4F866 /* UINotification */,
				F903C7181C76F8F500B4F866 /* UINotificationCenter */,
				F903C71B1C76F8F500B4F866 /* UINotificationObserver */,
				F9A08A7F1C75D20600BABD21 /* AppDelegate.h */,
				F9A08A801C75D20600BABD21 /* AppDelegate.m */,
				F9A08A821C75D20600BABD21 /* ViewController.h */,
				F9A08A831C75D20600BABD21 /* ViewController.m */,
				F9A08A851C75D20600BABD21 /* Main.storyboard */,
				F9A08A881C75D20600BABD21 /* Assets.xcassets */,
				F9A08A8A1C75D20600BABD21 /* LaunchScreen.storyboard */,
				F9A08A8D1C75D20600BABD21 /* Info.plist */,
				F9A08A7C1C75D20600BABD21 /* Supporting Files */,
			);
			path = TalentFrameworkTest;
			sourceTree = "<group>";
		};
		F9A08A7C1C75D20600BABD21 /* Supporting Files */ = {
			isa = PBXGroup;
			children = (
				F9A08A7D1C75D20600BABD21 /* main.m */,
			);
			name = "Supporting Files";
			sourceTree = "<group>";
		};
		F9A08A951C75D20600BABD21 /* TalentFrameworkTestTests */ = {
			isa = PBXGroup;
			children = (
				F9A08A961C75D20600BABD21 /* TalentFrameworkTestTests.m */,
				F9A08A981C75D20600BABD21 /* Info.plist */,
			);
			path = TalentFrameworkTestTests;
			sourceTree = "<group>";
		};
		F9A08AA01C75D20600BABD21 /* TalentFrameworkTestUITests */ = {
			isa = PBXGroup;
			children = (
				F9A08AA11C75D20600BABD21 /* TalentFrameworkTestUITests.m */,
				F9A08AA31C75D20600BABD21 /* Info.plist */,
			);
			path = TalentFrameworkTestUITests;
			sourceTree = "<group>";
		};
/* End PBXGroup section */

/* Begin PBXNativeTarget section */
		F9A08A781C75D20600BABD21 /* TalentFrameworkTest */ = {
			isa = PBXNativeTarget;
			buildConfigurationList = F9A08AA61C75D20600BABD21 /* Build configuration list for PBXNativeTarget "TalentFrameworkTest" */;
			buildPhases = (
				F9A08A751C75D20600BABD21 /* Sources */,
				F9A08A761C75D20600BABD21 /* Frameworks */,
				F9A08A771C75D20600BABD21 /* Resources */,
			);
			buildRules = (
			);
			dependencies = (
			);
			name = TalentFrameworkTest;
			productName = TalentFrameworkTest;
			productReference = F9A08A791C75D20600BABD21 /* TalentFrameworkTest.app */;
			productType = "com.apple.product-type.application";
		};
		F9A08A911C75D20600BABD21 /* TalentFrameworkTestTests */ = {
			isa = PBXNativeTarget;
			buildConfigurationList = F9A08AA91C75D20600BABD21 /* Build configuration list for PBXNativeTarget "TalentFrameworkTestTests" */;
			buildPhases = (
				F9A08A8E1C75D20600BABD21 /* Sources */,
				F9A08A8F1C75D20600BABD21 /* Frameworks */,
				F9A08A901C75D20600BABD21 /* Resources */,
			);
			buildRules = (
			);
			dependencies = (
				F9A08A941C75D20600BABD21 /* PBXTargetDependency */,
			);
			name = TalentFrameworkTestTests;
			productName = TalentFrameworkTestTests;
			productReference = F9A08A921C75D20600BABD21 /* TalentFrameworkTestTests.xctest */;
			productType = "com.apple.product-type.bundle.unit-test";
		};
		F9A08A9C1C75D20600BABD21 /* TalentFrameworkTestUITests */ = {
			isa = PBXNativeTarget;
			buildConfigurationList = F9A08AAC1C75D20600BABD21 /* Build configuration list for PBXNativeTarget "TalentFrameworkTestUITests" */;
			buildPhases = (
				F9A08A991C75D20600BABD21 /* Sources */,
				F9A08A9A1C75D20600BABD21 /* Frameworks */,
				F9A08A9B1C75D20600BABD21 /* Resources */,
			);
			buildRules = (
			);
			dependencies = (
				F9A08A9F1C75D20600BABD21 /* PBXTargetDependency */,
			);
			name = TalentFrameworkTestUITests;
			productName = TalentFrameworkTestUITests;
			productReference = F9A08A9D1C75D20600BABD21 /* TalentFrameworkTestUITests.xctest */;
			productType = "com.apple.product-type.bundle.ui-testing";
		};
/* End PBXNativeTarget section */

/* Begin PBXProject section */
		F9A08A711C75D20600BABD21 /* Project object */ = {
			isa = PBXProject;
			attributes = {
				LastUpgradeCheck = 0720;
				ORGANIZATIONNAME = huzhanjing;
				TargetAttributes = {
					F9A08A781C75D20600BABD21 = {
						CreatedOnToolsVersion = 7.2;
						DevelopmentTeam = 7D2748PA26;
					};
					F9A08A911C75D20600BABD21 = {
						CreatedOnToolsVersion = 7.2;
						DevelopmentTeam = 7D2748PA26;
						TestTargetID = F9A08A781C75D20600BABD21;
					};
					F9A08A9C1C75D20600BABD21 = {
						CreatedOnToolsVersion = 7.2;
						DevelopmentTeam = 7D2748PA26;
						TestTargetID = F9A08A781C75D20600BABD21;
					};
				};
			};
			buildConfigurationList = F9A08A741C75D20600BABD21 /* Build configuration list for PBXProject "TalentFrameworkTest" */;
			compatibilityVersion = "Xcode 3.2";
			developmentRegion = English;
			hasScannedForEncodings = 0;
			knownRegions = (
				en,
				Base,
			);
			mainGroup = F9A08A701C75D20500BABD21;
			productRefGroup = F9A08A7A1C75D20600BABD21 /* Products */;
			projectDirPath = "";
			projectRoot = "";
			targets = (
				F9A08A781C75D20600BABD21 /* TalentFrameworkTest */,
				F9A08A911C75D20600BABD21 /* TalentFrameworkTestTests */,
				F9A08A9C1C75D20600BABD21 /* TalentFrameworkTestUITests */,
			);
		};
/* End PBXProject section */

/* Begin PBXResourcesBuildPhase section */
		F9A08A771C75D20600BABD21 /* Resources */ = {
			isa = PBXResourcesBuildPhase;
			buildActionMask = 2147483647;
			files = (
				F9A08A8C1C75D20600BABD21 /* LaunchScreen.storyboard in Resources */,
				F9A08A891C75D20600BABD21 /* Assets.xcassets in Resources */,
				F9A08A871C75D20600BABD21 /* Main.storyboard in Resources */,
			);
			runOnlyForDeploymentPostprocessing = 0;
		};
		F9A08A901C75D20600BABD21 /* Resources */ = {
			isa = PBXResourcesBuildPhase;
			buildActionMask = 2147483647;
			files = (
			);
			runOnlyForDeploymentPostprocessing = 0;
		};
		F9A08A9B1C75D20600BABD21 /* Resources */ = {
			isa = PBXResourcesBuildPhase;
			buildActionMask = 2147483647;
			files = (
			);
			runOnlyForDeploymentPostprocessing = 0;
		};
/* End PBXResourcesBuildPhase section */

/* Begin PBXSourcesBuildPhase section */
		F9A08A751C75D20600BABD21 /* Sources */ = {
			isa = PBXSourcesBuildPhase;
			buildActionMask = 2147483647;
			files = (
				F9A08A841C75D20600BABD21 /* ViewController.m in Sources */,
				F903C7201C76F8F500B4F866 /* UINotificationCenter.m in Sources */,
				F903C71F1C76F8F500B4F866 /* UINotification.m in Sources */,
				F903C7211C76F8F500B4F866 /* UINotificationObserver.m in Sources */,
				F9A08A811C75D20600BABD21 /* AppDelegate.m in Sources */,
				F9A08A7E1C75D20600BABD21 /* main.m in Sources */,
				F903C71E1C76F8F500B4F866 /* TreeNode.m in Sources */,
			);
			runOnlyForDeploymentPostprocessing = 0;
		};
		F9A08A8E1C75D20600BABD21 /* Sources */ = {
			isa = PBXSourcesBuildPhase;
			buildActionMask = 2147483647;
			files = (
				F9A08A971C75D20600BABD21 /* TalentFrameworkTestTests.m in Sources */,
			);
			runOnlyForDeploymentPostprocessing = 0;
		};
		F9A08A991C75D20600BABD21 /* Sources */ = {
			isa = PBXSourcesBuildPhase;
			buildActionMask = 2147483647;
			files = (
				F9A08AA21C75D20600BABD21 /* TalentFrameworkTestUITests.m in Sources */,
			);
			runOnlyForDeploymentPostprocessing = 0;
		};
/* End PBXSourcesBuildPhase section */

/* Begin PBXTargetDependency section */
		F9A08A941C75D20600BABD21 /* PBXTargetDependency */ = {
			isa = PBXTargetDependency;
			target = F9A08A781C75D20600BABD21 /* TalentFrameworkTest */;
			targetProxy = F9A08A931C75D20600BABD21 /* PBXContainerItemProxy */;
		};
		F9A08A9F1C75D20600BABD21 /* PBXTargetDependency */ = {
			isa = PBXTargetDependency;
			target = F9A08A781C75D20600BABD21 /* TalentFrameworkTest */;
			targetProxy = F9A08A9E1C75D20600BABD21 /* PBXContainerItemProxy */;
		};
/* End PBXTargetDependency section */

/* Begin PBXVariantGroup section */
		F9A08A851C75D20600BABD21 /* Main.storyboard */ = {
			isa = PBXVariantGroup;
			children = (
				F9A08A861C75D20600BABD21 /* Base */,
			);
			name = Main.storyboard;
			sourceTree = "<group>";
		};
		F9A08A8A1C75D20600BABD21 /* LaunchScreen.storyboard */ = {
			isa = PBXVariantGroup;
			children = (
				F9A08A8B1C75D20600BABD21 /* Base */,
			);
			name = LaunchScreen.storyboard;
			sourceTree = "<group>";
		};
/* End PBXVariantGroup section */

/* Begin XCBuildConfiguration section */
		F9A08AA41C75D20600BABD21 /* Debug */ = {
			isa = XCBuildConfiguration;
			buildSettings = {
				ALWAYS_SEARCH_USER_PATHS = NO;
				CLANG_CXX_LANGUAGE_STANDARD = "gnu++0x";
				CLANG_CXX_LIBRARY = "libc++";
				CLANG_ENABLE_MODULES = YES;
				CLANG_ENABLE_OBJC_ARC = YES;
				CLANG_WARN_BOOL_CONVERSION = YES;
				CLANG_WARN_CONSTANT_CONVERSION = YES;
				CLANG_WARN_DIRECT_OBJC_ISA_USAGE = YES_ERROR;
				CLANG_WARN_EMPTY_BODY = YES;
				CLANG_WARN_ENUM_CONVERSION = YES;
				CLANG_WARN_INT_CONVERSION = YES;
				CLANG_WARN_OBJC_ROOT_CLASS = YES_ERROR;
				CLANG_WARN_UNREACHABLE_CODE = YES;
				CLANG_WARN__DUPLICATE_METHOD_MATCH = YES;
				"CODE_SIGN_IDENTITY[sdk=iphoneos*]" = "iPhone Developer";
				COPY_PHASE_STRIP = NO;
				DEBUG_INFORMATION_FORMAT = dwarf;
				ENABLE_STRICT_OBJC_MSGSEND = YES;
				ENABLE_TESTABILITY = YES;
				GCC_C_LANGUAGE_STANDARD = gnu99;
				GCC_DYNAMIC_NO_PIC = NO;
				GCC_NO_COMMON_BLOCKS = YES;
				GCC_OPTIMIZATION_LEVEL = 0;
				GCC_PREPROCESSOR_DEFINITIONS = (
					"DEBUG=1",
					"$(inherited)",
				);
				GCC_WARN_64_TO_32_BIT_CONVERSION = YES;
				GCC_WARN_ABOUT_RETURN_TYPE = YES_ERROR;
				GCC_WARN_UNDECLARED_SELECTOR = YES;
				GCC_WARN_UNINITIALIZED_AUTOS = YES_AGGRESSIVE;
				GCC_WARN_UNUSED_FUNCTION = YES;
				GCC_WARN_UNUSED_VARIABLE = YES;
				IPHONEOS_DEPLOYMENT_TARGET = 9.2;
				MTL_ENABLE_DEBUG_INFO = YES;
				ONLY_ACTIVE_ARCH = YES;
				SDKROOT = iphoneos;
			};
			name = Debug;
		};
		F9A08AA51C75D20600BABD21 /* Release */ = {
			isa = XCBuildConfiguration;
			buildSettings = {
				ALWAYS_SEARCH_USER_PATHS = NO;
				CLANG_CXX_LANGUAGE_STANDARD = "gnu++0x";
				CLANG_CXX_LIBRARY = "libc++";
				CLANG_ENABLE_MODULES = YES;
				CLANG_ENABLE_OBJC_ARC = YES;
				CLANG_WARN_BOOL_CONVERSION = YES;
				CLANG_WARN_CONSTANT_CONVERSION = YES;
				CLANG_WARN_DIRECT_OBJC_ISA_USAGE = YES_ERROR;
				CLANG_WARN_EMPTY_BODY = YES;
				CLANG_WARN_ENUM_CONVERSION = YES;
				CLANG_WARN_INT_CONVERSION = YES;
				CLANG_WARN_OBJC_ROOT_CLASS = YES_ERROR;
				CLANG_WARN_UNREACHABLE_CODE = YES;
				CLANG_WARN__DUPLICATE_METHOD_MATCH = YES;
				"CODE_SIGN_IDENTITY[sdk=iphoneos*]" = "iPhone Developer";
				COPY_PHASE_STRIP = NO;
				DEBUG_INFORMATION_FORMAT = "dwarf-with-dsym";
				ENABLE_NS_ASSERTIONS = NO;
				ENABLE_STRICT_OBJC_MSGSEND = YES;
				GCC_C_LANGUAGE_STANDARD = gnu99;
				GCC_NO_COMMON_BLOCKS = YES;
				GCC_WARN_64_TO_32_BIT_CONVERSION = YES;
				GCC_WARN_ABOUT_RETURN_TYPE = YES_ERROR;
				GCC_WARN_UNDECLARED_SELECTOR = YES;
				GCC_WARN_UNINITIALIZED_AUTOS = YES_AGGRESSIVE;
				GCC_WARN_UNUSED_FUNCTION = YES;
				GCC_WARN_UNUSED_VARIABLE = YES;
				IPHONEOS_DEPLOYMENT_TARGET = 9.2;
				MTL_ENABLE_DEBUG_INFO = NO;
				SDKROOT = iphoneos;
				VALIDATE_PRODUCT = YES;
			};
			name = Release;
		};
		F9A08AA71C75D20600BABD21 /* Debug */ = {
			isa = XCBuildConfiguration;
			buildSettings = {
				ASSETCATALOG_COMPILER_APPICON_NAME = AppIcon;
				FRAMEWORK_SEARCH_PATHS = (
					"$(inherited)",
					"$(PROJECT_DIR)",
					"$(PROJECT_DIR)/TalentFrameworkTest",
				);
				INFOPLIST_FILE = TalentFrameworkTest/Info.plist;
				LD_RUNPATH_SEARCH_PATHS = "$(inherited) @executable_path/Frameworks";
				PRODUCT_BUNDLE_IDENTIFIER = com.keaihudong.miss.TalentFrameworkTest;
				PRODUCT_NAME = "$(TARGET_NAME)";
			};
			name = Debug;
		};
		F9A08AA81C75D20600BABD21 /* Release */ = {
			isa = XCBuildConfiguration;
			buildSettings = {
				ASSETCATALOG_COMPILER_APPICON_NAME = AppIcon;
				FRAMEWORK_SEARCH_PATHS = (
					"$(inherited)",
					"$(PROJECT_DIR)",
					"$(PROJECT_DIR)/TalentFrameworkTest",
				);
				INFOPLIST_FILE = TalentFrameworkTest/Info.plist;
				LD_RUNPATH_SEARCH_PATHS = "$(inherited) @executable_path/Frameworks";
				PRODUCT_BUNDLE_IDENTIFIER = com.keaihudong.miss.TalentFrameworkTest;
				PRODUCT_NAME = "$(TARGET_NAME)";
			};
			name = Release;
		};
		F9A08AAA1C75D20600BABD21 /* Debug */ = {
			isa = XCBuildConfiguration;
			buildSettings = {
				BUNDLE_LOADER = "$(TEST_HOST)";
				INFOPLIST_FILE = TalentFrameworkTestTests/Info.plist;
				LD_RUNPATH_SEARCH_PATHS = "$(inherited) @executable_path/Frameworks @loader_path/Frameworks";
				PRODUCT_BUNDLE_IDENTIFIER = com.keaihudong.miss.TalentFrameworkTestTests;
				PRODUCT_NAME = "$(TARGET_NAME)";
				TEST_HOST = "$(BUILT_PRODUCTS_DIR)/TalentFrameworkTest.app/TalentFrameworkTest";
			};
			name = Debug;
		};
		F9A08AAB1C75D20600BABD21 /* Release */ = {
			isa = XCBuildConfiguration;
			buildSettings = {
				BUNDLE_LOADER = "$(TEST_HOST)";
				INFOPLIST_FILE = TalentFrameworkTestTests/Info.plist;
				LD_RUNPATH_SEARCH_PATHS = "$(inherited) @executable_path/Frameworks @loader_path/Frameworks";
				PRODUCT_BUNDLE_IDENTIFIER = com.keaihudong.miss.TalentFrameworkTestTests;
				PRODUCT_NAME = "$(TARGET_NAME)";
				TEST_HOST = "$(BUILT_PRODUCTS_DIR)/TalentFrameworkTest.app/TalentFrameworkTest";
			};
			name = Release;
		};
		F9A08AAD1C75D20600BABD21 /* Debug */ = {
			isa = XCBuildConfiguration;
			buildSettings = {
				INFOPLIST_FILE = TalentFrameworkTestUITests/Info.plist;
				LD_RUNPATH_SEARCH_PATHS = "$(inherited) @executable_path/Frameworks @loader_path/Frameworks";
				PRODUCT_BUNDLE_IDENTIFIER = com.keaihudong.miss.TalentFrameworkTestUITests;
				PRODUCT_NAME = "$(TARGET_NAME)";
				TEST_TARGET_NAME = TalentFrameworkTest;
				USES_XCTRUNNER = YES;
			};
			name = Debug;
		};
		F9A08AAE1C75D20600BABD21 /* Release */ = {
			isa = XCBuildConfiguration;
			buildSettings = {
				INFOPLIST_FILE = TalentFrameworkTestUITests/Info.plist;
				LD_RUNPATH_SEARCH_PATHS = "$(inherited) @executable_path/Frameworks @loader_path/Frameworks";
				PRODUCT_BUNDLE_IDENTIFIER = com.keaihudong.miss.TalentFrameworkTestUITests;
				PRODUCT_NAME = "$(TARGET_NAME)";
				TEST_TARGET_NAME = TalentFrameworkTest;
				USES_XCTRUNNER = YES;
			};
			name = Release;
		};
/* End XCBuildConfiguration section */

/* Begin XCConfigurationList section */
		F9A08A741C75D20600BABD21 /* Build configuration list for PBXProject "TalentFrameworkTest" */ = {
			isa = XCConfigurationList;
			buildConfigurations = (
				F9A08AA41C75D20600BABD21 /* Debug */,
				F9A08AA51C75D20600BABD21 /* Release */,
			);
			defaultConfigurationIsVisible = 0;
			defaultConfigurationName = Release;
		};
		F9A08AA61C75D20600BABD21 /* Build configuration list for PBXNativeTarget "TalentFrameworkTest" */ = {
			isa = XCConfigurationList;
			buildConfigurations = (
				F9A08AA71C75D20600BABD21 /* Debug */,
				F9A08AA81C75D20600BABD21 /* Release */,
			);
			defaultConfigurationIsVisible = 0;
			defaultConfigurationName = Release;
		};
		F9A08AA91C75D20600BABD21 /* Build configuration list for PBXNativeTarget "TalentFrameworkTestTests" */ = {
			isa = XCConfigurationList;
			buildConfigurations = (
				F9A08AAA1C75D20600BABD21 /* Debug */,
				F9A08AAB1C75D20600BABD21 /* Release */,
			);
			defaultConfigurationIsVisible = 0;
			defaultConfigurationName = Release;
		};
		F9A08AAC1C75D20600BABD21 /* Build configuration list for PBXNativeTarget "TalentFrameworkTestUITests" */ = {
			isa = XCConfigurationList;
			buildConfigurations = (
				F9A08AAD1C75D20600BABD21 /* Debug */,
				F9A08AAE1C75D20600BABD21 /* Release */,
			);
			defaultConfigurationIsVisible = 0;
			defaultConfigurationName = Release;
		};
/* End XCConfigurationList section */
	};
	rootObject = F9A08A711C75D20600BABD21 /* Project object */;
}
